{
  "name": "functions",
  "version": "1.0.0",
  "lockfileVersion": 3,
  "requires": true,
  "packages": {
    "": {
      "name": "functions",
      "version": "1.0.0",
      "license": "ISC",
      "dependencies": {
        "aurafortest-herofishing": "^1.0.44"
      }
    },
    "node_modules/aurafortest-herofishing": {
      "version": "1.0.44",
      "resolved": "https://registry.npmjs.org/aurafortest-herofishing/-/aurafortest-herofishing-1.0.44.tgz",
      "integrity": "sha512-PDdKpNGw0HeTEttQLLJ5MTQIrbZRaOzdTl5A8ag+sHJbLTQfL0wcJNiH7+mWRXgAFvR19FH2CfhwL+7MW/s6uQ=="
    }
  }
}
