{
  "name": "functions",
  "version": "1.0.0",
  "lockfileVersion": 3,
  "requires": true,
  "packages": {
    "": {
      "name": "functions",
      "version": "1.0.0",
      "license": "ISC",
      "dependencies": {
        "aurafortest-herofishing": "^1.0.56"
      }
    },
    "node_modules/aurafortest-herofishing": {
      "version": "1.0.56",
      "resolved": "https://registry.npmjs.org/aurafortest-herofishing/-/aurafortest-herofishing-1.0.56.tgz",
      "integrity": "sha512-yxnmdaIrCmwJ0ErPKEhsj4ZGj2IEPRT4csaBfr6zLqmZTSBS33K1K96AD0iGMm1r76qHpjmrZ9YCI8SPihmueQ=="
    }
  }
}
