{
  "name": "functions",
  "version": "1.0.0",
  "lockfileVersion": 3,
  "requires": true,
  "packages": {
    "": {
      "name": "functions",
      "version": "1.0.0",
      "license": "ISC",
      "dependencies": {
        "aurafortest-herofishing": "^1.0.64"
      }
    },
    "node_modules/aurafortest-herofishing": {
      "version": "1.0.64",
      "resolved": "https://registry.npmjs.org/aurafortest-herofishing/-/aurafortest-herofishing-1.0.64.tgz",
      "integrity": "sha512-Yc4zet4E4cEoRVX3n88lgzJMpR9FsydexdFqbNU6/5prscCxyuW8Q7r9nOaxP+Un4ftDvHr5uhgVJJegFwRpdQ=="
    }
  }
}
